
Microsoft Visual Studio Solution File, Format Version 12.00
# Visual Studio Version 17
VisualStudioVersion = 17.8.34309.116
MinimumVisualStudioVersion = 10.0.40219.1
Project("{FAE04EC0-301F-11D3-BF4B-00C04F79EFBC}") = "Inheritance-Assignment", "Inheritance-Assignment.csproj", "{3A220713-BDF9-4915-9BDA-ECB136758278}"
EndProject
Global
	GlobalSection(SolutionConfigurationPlatforms) = preSolution
		Debug|Any CPU = Debug|Any CPU
		Release|Any CPU = Release|Any CPU
	EndGlobalSection
	GlobalSection(ProjectConfigurationPlatforms) = postSolution
		{3A220713-BDF9-4915-9BDA-ECB136758278}.Debug|Any CPU.ActiveCfg = Debug|Any CPU
		{3A220713-BDF9-4915-9BDA-ECB136758278}.Debug|Any CPU.Build.0 = Debug|Any CPU
		{3A220713-BDF9-4915-9BDA-ECB136758278}.Release|Any CPU.ActiveCfg = Release|Any CPU
		{3A220713-BDF9-4915-9BDA-ECB136758278}.Release|Any CPU.Build.0 = Release|Any CPU
	EndGlobalSection
	GlobalSection(SolutionProperties) = preSolution
		HideSolutionNode = FALSE
	EndGlobalSection
	GlobalSection(ExtensibilityGlobals) = postSolution
		SolutionGuid = {EEB727B2-4430-4A9E-9393-EB132D2A7D35}
	EndGlobalSection
EndGlobal
